{
  "name": "static_dairy_distillery",
  "lockfileVersion": 2,
  "requires": true,
  "packages": {
    "": {
      "dependencies": {
        "flexboxgrid-sass": "^8.0.5"
      }
    },
    "node_modules/flexboxgrid-sass": {
      "version": "8.0.5",
      "resolved": "https://registry.npmjs.org/flexboxgrid-sass/-/flexboxgrid-sass-8.0.5.tgz",
      "integrity": "sha512-BHM1hXWAjDMND6YtOchIzWSk+R5jDxR4JCID0C3kwMwJr0mDFsfzoQVWEXpwLcoOmv59UKJYYcrboWdpdvIfKw==",
      "dependencies": {
        "sass-flex-mixin": "^1.0.3"
      }
    },
    "node_modules/sass-flex-mixin": {
      "version": "1.0.3",
      "resolved": "https://registry.npmjs.org/sass-flex-mixin/-/sass-flex-mixin-1.0.3.tgz",
      "integrity": "sha512-nW+hBhzxlmqC5y4EkK+mEiZHieek+u6sSj2Ekg6SkyuUrxHkKa3TvMD+py+9d7uZzGKcQ2yINcUs6AUPW04u4w=="
    }
  },
  "dependencies": {
    "flexboxgrid-sass": {
      "version": "8.0.5",
      "resolved": "https://registry.npmjs.org/flexboxgrid-sass/-/flexboxgrid-sass-8.0.5.tgz",
      "integrity": "sha512-BHM1hXWAjDMND6YtOchIzWSk+R5jDxR4JCID0C3kwMwJr0mDFsfzoQVWEXpwLcoOmv59UKJYYcrboWdpdvIfKw==",
      "requires": {
        "sass-flex-mixin": "^1.0.3"
      }
    },
    "sass-flex-mixin": {
      "version": "1.0.3",
      "resolved": "https://registry.npmjs.org/sass-flex-mixin/-/sass-flex-mixin-1.0.3.tgz",
      "integrity": "sha512-nW+hBhzxlmqC5y4EkK+mEiZHieek+u6sSj2Ekg6SkyuUrxHkKa3TvMD+py+9d7uZzGKcQ2yINcUs6AUPW04u4w=="
    }
  }
}
